
Microsoft Visual Studio Solution File, Format Version 12.00
# Visual Studio Version 17
VisualStudioVersion = 17.9.34714.143
MinimumVisualStudioVersion = 10.0.40219.1
Project("{FAE04EC0-301F-11D3-BF4B-00C04F79EFBC}") = "CatalogDb.API", "src\CatalogDb.API\CatalogDb.API.csproj", "{38940A8D-B42B-48ED-B37D-1B51828278AD}"
EndProject
Global
	GlobalSection(SolutionConfigurationPlatforms) = preSolution
		Debug|Any CPU = Debug|Any CPU
		Release|Any CPU = Release|Any CPU
	EndGlobalSection
	GlobalSection(ProjectConfigurationPlatforms) = postSolution
		{38940A8D-B42B-48ED-B37D-1B51828278AD}.Debug|Any CPU.ActiveCfg = Debug|Any CPU
		{38940A8D-B42B-48ED-B37D-1B51828278AD}.Debug|Any CPU.Build.0 = Debug|Any CPU
		{38940A8D-B42B-48ED-B37D-1B51828278AD}.Release|Any CPU.ActiveCfg = Release|Any CPU
		{38940A8D-B42B-48ED-B37D-1B51828278AD}.Release|Any CPU.Build.0 = Release|Any CPU
	EndGlobalSection
	GlobalSection(SolutionProperties) = preSolution
		HideSolutionNode = FALSE
	EndGlobalSection
	GlobalSection(ExtensibilityGlobals) = postSolution
		SolutionGuid = {EFC4DDA5-1A59-4CE1-9E88-399F3AADF325}
	EndGlobalSection
EndGlobal
